// !$*UTF8*$!
{
	archiveVersion = 1;
	classes = {
	};
	objectVersion = 56;
	objects = {

/* Begin PBXBuildFile section */
		1001C2FE2BFA41B500F61C24 /* TabBarViewController.swift in Sources */ = {isa = PBXBuildFile; fileRef = 1001C2FD2BFA41B500F61C24 /* TabBarViewController.swift */; };
		1001C3012BFA436300F61C24 /* FavoriteViewController.swift in Sources */ = {isa = PBXBuildFile; fileRef = 1001C3002BFA436300F61C24 /* FavoriteViewController.swift */; };
		1001C3042BFA628300F61C24 /* AlertPresentable.swift in Sources */ = {isa = PBXBuildFile; fileRef = 1001C3032BFA628300F61C24 /* AlertPresentable.swift */; };
		1001C3082BFAB60F00F61C24 /* HomePageViewController.swift in Sources */ = {isa = PBXBuildFile; fileRef = 1001C3072BFAB60F00F61C24 /* HomePageViewController.swift */; };
		1001C30A2BFAB64B00F61C24 /* HomePageImageViewController.swift in Sources */ = {isa = PBXBuildFile; fileRef = 1001C3092BFAB64B00F61C24 /* HomePageImageViewController.swift */; };
		104BB1C12BF923310049E7F5 /* UIImageViewFactory.swift in Sources */ = {isa = PBXBuildFile; fileRef = 104BB1BC2BF923310049E7F5 /* UIImageViewFactory.swift */; };
		104BB1C22BF923310049E7F5 /* UILabelFactory.swift in Sources */ = {isa = PBXBuildFile; fileRef = 104BB1BD2BF923310049E7F5 /* UILabelFactory.swift */; };
		104BB1C32BF923310049E7F5 /* UIStackViewFactory.swift in Sources */ = {isa = PBXBuildFile; fileRef = 104BB1BE2BF923310049E7F5 /* UIStackViewFactory.swift */; };
		104BB1C42BF923310049E7F5 /* UIViewFactory.swift in Sources */ = {isa = PBXBuildFile; fileRef = 104BB1BF2BF923310049E7F5 /* UIViewFactory.swift */; };
		104BB1C62BF926C40049E7F5 /* HomeViewModel.swift in Sources */ = {isa = PBXBuildFile; fileRef = 104BB1C52BF926C40049E7F5 /* HomeViewModel.swift */; };
		104BB1C82BF933970049E7F5 /* UICollectionViewFactory.swift in Sources */ = {isa = PBXBuildFile; fileRef = 104BB1C72BF933970049E7F5 /* UICollectionViewFactory.swift */; };
		104BB1CB2BF9397B0049E7F5 /* GameModel.swift in Sources */ = {isa = PBXBuildFile; fileRef = 104BB1CA2BF9397B0049E7F5 /* GameModel.swift */; };
		104BB1CD2BF94B500049E7F5 /* NetworkService.swift in Sources */ = {isa = PBXBuildFile; fileRef = 104BB1CC2BF94B500049E7F5 /* NetworkService.swift */; };
		104BB1CF2BF94BFE0049E7F5 /* GameAPI.swift in Sources */ = {isa = PBXBuildFile; fileRef = 104BB1CE2BF94BFE0049E7F5 /* GameAPI.swift */; };
		104BB1D12BF94C400049E7F5 /* Constants.swift in Sources */ = {isa = PBXBuildFile; fileRef = 104BB1D02BF94C400049E7F5 /* Constants.swift */; };
		104BB1D32BF94DC90049E7F5 /* NetworkServiceProtocol.swift in Sources */ = {isa = PBXBuildFile; fileRef = 104BB1D22BF94DC90049E7F5 /* NetworkServiceProtocol.swift */; };
		104BB1D52BF94DF70049E7F5 /* NetworkError.swift in Sources */ = {isa = PBXBuildFile; fileRef = 104BB1D42BF94DF70049E7F5 /* NetworkError.swift */; };
		104BB1DC2BF951780049E7F5 /* Collection+Extension.swift in Sources */ = {isa = PBXBuildFile; fileRef = 104BB1DB2BF951780049E7F5 /* Collection+Extension.swift */; };
		104BB1DF2BF954C50049E7F5 /* Kingfisher in Frameworks */ = {isa = PBXBuildFile; productRef = 104BB1DE2BF954C50049E7F5 /* Kingfisher */; };
		10BCBBA52BFBFD0F0021E4A8 /* DetailViewController.swift in Sources */ = {isa = PBXBuildFile; fileRef = 10BCBBA42BFBFD0F0021E4A8 /* DetailViewController.swift */; };
		10CB1CF52BF8E97D006D5C04 /* AppDelegate.swift in Sources */ = {isa = PBXBuildFile; fileRef = 10CB1CF42BF8E97D006D5C04 /* AppDelegate.swift */; };
		10CB1CF72BF8E97D006D5C04 /* SceneDelegate.swift in Sources */ = {isa = PBXBuildFile; fileRef = 10CB1CF62BF8E97D006D5C04 /* SceneDelegate.swift */; };
		10CB1CF92BF8E97D006D5C04 /* HomeViewController.swift in Sources */ = {isa = PBXBuildFile; fileRef = 10CB1CF82BF8E97D006D5C04 /* HomeViewController.swift */; };
		10CB1CFE2BF8E97E006D5C04 /* Assets.xcassets in Resources */ = {isa = PBXBuildFile; fileRef = 10CB1CFD2BF8E97E006D5C04 /* Assets.xcassets */; };
		10CB1D012BF8E97E006D5C04 /* Base in Resources */ = {isa = PBXBuildFile; fileRef = 10CB1D002BF8E97E006D5C04 /* Base */; };
		10ECFC6E2BFCCEC00074892D /* DetailGameCell.swift in Sources */ = {isa = PBXBuildFile; fileRef = 10ECFC6D2BFCCEC00074892D /* DetailGameCell.swift */; };
		10ECFC702BFCCFC70074892D /* DetailViewModel.swift in Sources */ = {isa = PBXBuildFile; fileRef = 10ECFC6F2BFCCFC70074892D /* DetailViewModel.swift */; };
		10ECFC722BFCF0220074892D /* DetailCollectionHeaderView.swift in Sources */ = {isa = PBXBuildFile; fileRef = 10ECFC712BFCF0220074892D /* DetailCollectionHeaderView.swift */; };
		10ECFC742BFD096E0074892D /* UIButtonFactory.swift in Sources */ = {isa = PBXBuildFile; fileRef = 10ECFC732BFD096E0074892D /* UIButtonFactory.swift */; };
		10ECFC772BFD4B210074892D /* GameEntity.xcdatamodeld in Sources */ = {isa = PBXBuildFile; fileRef = 10ECFC752BFD4B210074892D /* GameEntity.xcdatamodeld */; };
		10ECFC792BFD4B730074892D /* CoreDataManager.swift in Sources */ = {isa = PBXBuildFile; fileRef = 10ECFC782BFD4B730074892D /* CoreDataManager.swift */; };
		10ECFC7B2BFD50430074892D /* FavoriteViewModel.swift in Sources */ = {isa = PBXBuildFile; fileRef = 10ECFC7A2BFD50430074892D /* FavoriteViewModel.swift */; };
		10ECFC7D2BFD52B20074892D /* FavoriteGameCell.swift in Sources */ = {isa = PBXBuildFile; fileRef = 10ECFC7C2BFD52B20074892D /* FavoriteGameCell.swift */; };
		10ECFC7F2BFD57330074892D /* GameDetailModel.swift in Sources */ = {isa = PBXBuildFile; fileRef = 10ECFC7E2BFD57330074892D /* GameDetailModel.swift */; };
		10F788482BF91588003F5B67 /* Theme.swift in Sources */ = {isa = PBXBuildFile; fileRef = 10F788472BF91588003F5B67 /* Theme.swift */; };
		10F7884A2BF91947003F5B67 /* HomeGameCell.swift in Sources */ = {isa = PBXBuildFile; fileRef = 10F788492BF91947003F5B67 /* HomeGameCell.swift */; };
/* End PBXBuildFile section */

/* Begin PBXFileReference section */
		1001C2FD2BFA41B500F61C24 /* TabBarViewController.swift */ = {isa = PBXFileReference; lastKnownFileType = sourcecode.swift; path = TabBarViewController.swift; sourceTree = "<group>"; };
		1001C3002BFA436300F61C24 /* FavoriteViewController.swift */ = {isa = PBXFileReference; lastKnownFileType = sourcecode.swift; path = FavoriteViewController.swift; sourceTree = "<group>"; };
		1001C3032BFA628300F61C24 /* AlertPresentable.swift */ = {isa = PBXFileReference; lastKnownFileType = sourcecode.swift; path = AlertPresentable.swift; sourceTree = "<group>"; };
		1001C3072BFAB60F00F61C24 /* HomePageViewController.swift */ = {isa = PBXFileReference; lastKnownFileType = sourcecode.swift; path = HomePageViewController.swift; sourceTree = "<group>"; };
		1001C3092BFAB64B00F61C24 /* HomePageImageViewController.swift */ = {isa = PBXFileReference; lastKnownFileType = sourcecode.swift; path = HomePageImageViewController.swift; sourceTree = "<group>"; };
		104BB1BC2BF923310049E7F5 /* UIImageViewFactory.swift */ = {isa = PBXFileReference; fileEncoding = 4; lastKnownFileType = sourcecode.swift; path = UIImageViewFactory.swift; sourceTree = "<group>"; };
		104BB1BD2BF923310049E7F5 /* UILabelFactory.swift */ = {isa = PBXFileReference; fileEncoding = 4; lastKnownFileType = sourcecode.swift; path = UILabelFactory.swift; sourceTree = "<group>"; };
		104BB1BE2BF923310049E7F5 /* UIStackViewFactory.swift */ = {isa = PBXFileReference; fileEncoding = 4; lastKnownFileType = sourcecode.swift; path = UIStackViewFactory.swift; sourceTree = "<group>"; };
		104BB1BF2BF923310049E7F5 /* UIViewFactory.swift */ = {isa = PBXFileReference; fileEncoding = 4; lastKnownFileType = sourcecode.swift; path = UIViewFactory.swift; sourceTree = "<group>"; };
		104BB1C52BF926C40049E7F5 /* HomeViewModel.swift */ = {isa = PBXFileReference; lastKnownFileType = sourcecode.swift; path = HomeViewModel.swift; sourceTree = "<group>"; };
		104BB1C72BF933970049E7F5 /* UICollectionViewFactory.swift */ = {isa = PBXFileReference; lastKnownFileType = sourcecode.swift; path = UICollectionViewFactory.swift; sourceTree = "<group>"; };
		104BB1CA2BF9397B0049E7F5 /* GameModel.swift */ = {isa = PBXFileReference; lastKnownFileType = sourcecode.swift; path = GameModel.swift; sourceTree = "<group>"; };
		104BB1CC2BF94B500049E7F5 /* NetworkService.swift */ = {isa = PBXFileReference; lastKnownFileType = sourcecode.swift; path = NetworkService.swift; sourceTree = "<group>"; };
		104BB1CE2BF94BFE0049E7F5 /* GameAPI.swift */ = {isa = PBXFileReference; lastKnownFileType = sourcecode.swift; path = GameAPI.swift; sourceTree = "<group>"; };
		104BB1D02BF94C400049E7F5 /* Constants.swift */ = {isa = PBXFileReference; lastKnownFileType = sourcecode.swift; path = Constants.swift; sourceTree = "<group>"; };
		104BB1D22BF94DC90049E7F5 /* NetworkServiceProtocol.swift */ = {isa = PBXFileReference; lastKnownFileType = sourcecode.swift; path = NetworkServiceProtocol.swift; sourceTree = "<group>"; };
		104BB1D42BF94DF70049E7F5 /* NetworkError.swift */ = {isa = PBXFileReference; lastKnownFileType = sourcecode.swift; path = NetworkError.swift; sourceTree = "<group>"; };
		104BB1DB2BF951780049E7F5 /* Collection+Extension.swift */ = {isa = PBXFileReference; lastKnownFileType = sourcecode.swift; path = "Collection+Extension.swift"; sourceTree = "<group>"; };
		10BCBBA42BFBFD0F0021E4A8 /* DetailViewController.swift */ = {isa = PBXFileReference; lastKnownFileType = sourcecode.swift; path = DetailViewController.swift; sourceTree = "<group>"; };
		10CB1CF12BF8E97D006D5C04 /* GameStop.app */ = {isa = PBXFileReference; explicitFileType = wrapper.application; includeInIndex = 0; path = GameStop.app; sourceTree = BUILT_PRODUCTS_DIR; };
		10CB1CF42BF8E97D006D5C04 /* AppDelegate.swift */ = {isa = PBXFileReference; lastKnownFileType = sourcecode.swift; path = AppDelegate.swift; sourceTree = "<group>"; };
		10CB1CF62BF8E97D006D5C04 /* SceneDelegate.swift */ = {isa = PBXFileReference; lastKnownFileType = sourcecode.swift; path = SceneDelegate.swift; sourceTree = "<group>"; };
		10CB1CF82BF8E97D006D5C04 /* HomeViewController.swift */ = {isa = PBXFileReference; lastKnownFileType = sourcecode.swift; path = HomeViewController.swift; sourceTree = "<group>"; };
		10CB1CFD2BF8E97E006D5C04 /* Assets.xcassets */ = {isa = PBXFileReference; lastKnownFileType = folder.assetcatalog; path = Assets.xcassets; sourceTree = "<group>"; };
		10CB1D002BF8E97E006D5C04 /* Base */ = {isa = PBXFileReference; lastKnownFileType = file.storyboard; name = Base; path = Base.lproj/LaunchScreen.storyboard; sourceTree = "<group>"; };
		10CB1D022BF8E97E006D5C04 /* Info.plist */ = {isa = PBXFileReference; lastKnownFileType = text.plist.xml; path = Info.plist; sourceTree = "<group>"; };
		10ECFC6D2BFCCEC00074892D /* DetailGameCell.swift */ = {isa = PBXFileReference; lastKnownFileType = sourcecode.swift; path = DetailGameCell.swift; sourceTree = "<group>"; };
		10ECFC6F2BFCCFC70074892D /* DetailViewModel.swift */ = {isa = PBXFileReference; lastKnownFileType = sourcecode.swift; path = DetailViewModel.swift; sourceTree = "<group>"; };
		10ECFC712BFCF0220074892D /* DetailCollectionHeaderView.swift */ = {isa = PBXFileReference; lastKnownFileType = sourcecode.swift; path = DetailCollectionHeaderView.swift; sourceTree = "<group>"; };
		10ECFC732BFD096E0074892D /* UIButtonFactory.swift */ = {isa = PBXFileReference; lastKnownFileType = sourcecode.swift; path = UIButtonFactory.swift; sourceTree = "<group>"; };
		10ECFC762BFD4B210074892D /* GameEntity.xcdatamodel */ = {isa = PBXFileReference; lastKnownFileType = wrapper.xcdatamodel; path = GameEntity.xcdatamodel; sourceTree = "<group>"; };
		10ECFC782BFD4B730074892D /* CoreDataManager.swift */ = {isa = PBXFileReference; lastKnownFileType = sourcecode.swift; path = CoreDataManager.swift; sourceTree = "<group>"; };
		10ECFC7A2BFD50430074892D /* FavoriteViewModel.swift */ = {isa = PBXFileReference; lastKnownFileType = sourcecode.swift; path = FavoriteViewModel.swift; sourceTree = "<group>"; };
		10ECFC7C2BFD52B20074892D /* FavoriteGameCell.swift */ = {isa = PBXFileReference; lastKnownFileType = sourcecode.swift; path = FavoriteGameCell.swift; sourceTree = "<group>"; };
		10ECFC7E2BFD57330074892D /* GameDetailModel.swift */ = {isa = PBXFileReference; lastKnownFileType = sourcecode.swift; path = GameDetailModel.swift; sourceTree = "<group>"; };
		10F788472BF91588003F5B67 /* Theme.swift */ = {isa = PBXFileReference; lastKnownFileType = sourcecode.swift; path = Theme.swift; sourceTree = "<group>"; };
		10F788492BF91947003F5B67 /* HomeGameCell.swift */ = {isa = PBXFileReference; lastKnownFileType = sourcecode.swift; path = HomeGameCell.swift; sourceTree = "<group>"; };
/* End PBXFileReference section */

/* Begin PBXFrameworksBuildPhase section */
		10CB1CEE2BF8E97D006D5C04 /* Frameworks */ = {
			isa = PBXFrameworksBuildPhase;
			buildActionMask = 2147483647;
			files = (
				104BB1DF2BF954C50049E7F5 /* Kingfisher in Frameworks */,
			);
			runOnlyForDeploymentPostprocessing = 0;
		};
/* End PBXFrameworksBuildPhase section */

/* Begin PBXGroup section */
		1001C2FC2BFA419700F61C24 /* TabBar */ = {
			isa = PBXGroup;
			children = (
				1001C2FD2BFA41B500F61C24 /* TabBarViewController.swift */,
			);
			path = TabBar;
			sourceTree = "<group>";
		};
		1001C2FF2BFA434500F61C24 /* Favorite */ = {
			isa = PBXGroup;
			children = (
				1001C3002BFA436300F61C24 /* FavoriteViewController.swift */,
				10ECFC7A2BFD50430074892D /* FavoriteViewModel.swift */,
				10ECFC7C2BFD52B20074892D /* FavoriteGameCell.swift */,
			);
			path = Favorite;
			sourceTree = "<group>";
		};
		1001C3022BFA480100F61C24 /* Scenes */ = {
			isa = PBXGroup;
			children = (
				10F7884B2BF91DBA003F5B67 /* Home */,
				10BCBBA32BFBFCBD0021E4A8 /* Detail */,
				1001C2FF2BFA434500F61C24 /* Favorite */,
			);
			path = Scenes;
			sourceTree = "<group>";
		};
		104BB1BA2BF921FB0049E7F5 /* Supportings */ = {
			isa = PBXGroup;
			children = (
				10CB1CF42BF8E97D006D5C04 /* AppDelegate.swift */,
				10CB1CF62BF8E97D006D5C04 /* SceneDelegate.swift */,
				10CB1CFD2BF8E97E006D5C04 /* Assets.xcassets */,
				10CB1CFF2BF8E97E006D5C04 /* LaunchScreen.storyboard */,
			);
			path = Supportings;
			sourceTree = "<group>";
		};
		104BB1BB2BF923160049E7F5 /* Helpers */ = {
			isa = PBXGroup;
			children = (
				104BB1DA2BF951690049E7F5 /* Extensions */,
				104BB1C02BF923310049E7F5 /* Factory Pattern */,
			);
			path = Helpers;
			sourceTree = "<group>";
		};
		104BB1C02BF923310049E7F5 /* Factory Pattern */ = {
			isa = PBXGroup;
			children = (
				104BB1BC2BF923310049E7F5 /* UIImageViewFactory.swift */,
				104BB1BD2BF923310049E7F5 /* UILabelFactory.swift */,
				104BB1BE2BF923310049E7F5 /* UIStackViewFactory.swift */,
				104BB1BF2BF923310049E7F5 /* UIViewFactory.swift */,
				104BB1C72BF933970049E7F5 /* UICollectionViewFactory.swift */,
				10ECFC732BFD096E0074892D /* UIButtonFactory.swift */,
			);
			path = "Factory Pattern";
			sourceTree = "<group>";
		};
		104BB1C92BF939640049E7F5 /* Models */ = {
			isa = PBXGroup;
			children = (
				104BB1CA2BF9397B0049E7F5 /* GameModel.swift */,
				10ECFC7E2BFD57330074892D /* GameDetailModel.swift */,
				10ECFC752BFD4B210074892D /* GameEntity.xcdatamodeld */,
			);
			path = Models;
			sourceTree = "<group>";
		};
		104BB1DA2BF951690049E7F5 /* Extensions */ = {
			isa = PBXGroup;
			children = (
				104BB1DB2BF951780049E7F5 /* Collection+Extension.swift */,
				1001C3032BFA628300F61C24 /* AlertPresentable.swift */,
			);
			path = Extensions;
			sourceTree = "<group>";
		};
		104BB1E02BF95B140049E7F5 /* Network */ = {
			isa = PBXGroup;
			children = (
				104BB1E12BF95B320049E7F5 /* Constants */,
				104BB1CC2BF94B500049E7F5 /* NetworkService.swift */,
				104BB1CE2BF94BFE0049E7F5 /* GameAPI.swift */,
				104BB1D22BF94DC90049E7F5 /* NetworkServiceProtocol.swift */,
				104BB1D42BF94DF70049E7F5 /* NetworkError.swift */,
			);
			path = Network;
			sourceTree = "<group>";
		};
		104BB1E12BF95B320049E7F5 /* Constants */ = {
			isa = PBXGroup;
			children = (
				104BB1D02BF94C400049E7F5 /* Constants.swift */,
			);
			path = Constants;
			sourceTree = "<group>";
		};
		10BCBBA32BFBFCBD0021E4A8 /* Detail */ = {
			isa = PBXGroup;
			children = (
				10ECFC6F2BFCCFC70074892D /* DetailViewModel.swift */,
				10BCBBA42BFBFD0F0021E4A8 /* DetailViewController.swift */,
				10ECFC6D2BFCCEC00074892D /* DetailGameCell.swift */,
				10ECFC712BFCF0220074892D /* DetailCollectionHeaderView.swift */,
				10ECFC782BFD4B730074892D /* CoreDataManager.swift */,
			);
			path = Detail;
			sourceTree = "<group>";
		};
		10CB1CE82BF8E97D006D5C04 = {
			isa = PBXGroup;
			children = (
				10CB1CF32BF8E97D006D5C04 /* GameStop */,
				10CB1CF22BF8E97D006D5C04 /* Products */,
			);
			sourceTree = "<group>";
		};
		10CB1CF22BF8E97D006D5C04 /* Products */ = {
			isa = PBXGroup;
			children = (
				10CB1CF12BF8E97D006D5C04 /* GameStop.app */,
			);
			name = Products;
			sourceTree = "<group>";
		};
		10CB1CF32BF8E97D006D5C04 /* GameStop */ = {
			isa = PBXGroup;
			children = (
				104BB1E02BF95B140049E7F5 /* Network */,
				104BB1C92BF939640049E7F5 /* Models */,
				104BB1BB2BF923160049E7F5 /* Helpers */,
				10F788462BF91573003F5B67 /* Theme */,
				1001C2FC2BFA419700F61C24 /* TabBar */,
				1001C3022BFA480100F61C24 /* Scenes */,
				104BB1BA2BF921FB0049E7F5 /* Supportings */,
				10CB1D022BF8E97E006D5C04 /* Info.plist */,
			);
			path = GameStop;
			sourceTree = "<group>";
		};
		10F788462BF91573003F5B67 /* Theme */ = {
			isa = PBXGroup;
			children = (
				10F788472BF91588003F5B67 /* Theme.swift */,
			);
			path = Theme;
			sourceTree = "<group>";
		};
		10F7884B2BF91DBA003F5B67 /* Home */ = {
			isa = PBXGroup;
			children = (
				104BB1C52BF926C40049E7F5 /* HomeViewModel.swift */,
				10CB1CF82BF8E97D006D5C04 /* HomeViewController.swift */,
				10F788492BF91947003F5B67 /* HomeGameCell.swift */,
				1001C3072BFAB60F00F61C24 /* HomePageViewController.swift */,
				1001C3092BFAB64B00F61C24 /* HomePageImageViewController.swift */,
			);
			path = Home;
			sourceTree = "<group>";
		};
/* End PBXGroup section */

/* Begin PBXNativeTarget section */
		10CB1CF02BF8E97D006D5C04 /* GameStop */ = {
			isa = PBXNativeTarget;
			buildConfigurationList = 10CB1D052BF8E97E006D5C04 /* Build configuration list for PBXNativeTarget "GameStop" */;
			buildPhases = (
				10CB1CED2BF8E97D006D5C04 /* Sources */,
				10CB1CEE2BF8E97D006D5C04 /* Frameworks */,
				10CB1CEF2BF8E97D006D5C04 /* Resources */,
			);
			buildRules = (
			);
			dependencies = (
			);
			name = GameStop;
			packageProductDependencies = (
				104BB1DE2BF954C50049E7F5 /* Kingfisher */,
			);
			productName = GameStop;
			productReference = 10CB1CF12BF8E97D006D5C04 /* GameStop.app */;
			productType = "com.apple.product-type.application";
		};
/* End PBXNativeTarget section */

/* Begin PBXProject section */
		10CB1CE92BF8E97D006D5C04 /* Project object */ = {
			isa = PBXProject;
			attributes = {
				BuildIndependentTargetsInParallel = 1;
				LastSwiftUpdateCheck = 1530;
				LastUpgradeCheck = 1530;
				TargetAttributes = {
					10CB1CF02BF8E97D006D5C04 = {
						CreatedOnToolsVersion = 15.3;
					};
				};
			};
			buildConfigurationList = 10CB1CEC2BF8E97D006D5C04 /* Build configuration list for PBXProject "GameStop" */;
			compatibilityVersion = "Xcode 14.0";
			developmentRegion = en;
			hasScannedForEncodings = 0;
			knownRegions = (
				en,
				Base,
			);
			mainGroup = 10CB1CE82BF8E97D006D5C04;
			packageReferences = (
				104BB1DD2BF954C50049E7F5 /* XCRemoteSwiftPackageReference "Kingfisher" */,
			);
			productRefGroup = 10CB1CF22BF8E97D006D5C04 /* Products */;
			projectDirPath = "";
			projectRoot = "";
			targets = (
				10CB1CF02BF8E97D006D5C04 /* GameStop */,
			);
		};
/* End PBXProject section */

/* Begin PBXResourcesBuildPhase section */
		10CB1CEF2BF8E97D006D5C04 /* Resources */ = {
			isa = PBXResourcesBuildPhase;
			buildActionMask = 2147483647;
			files = (
				10CB1CFE2BF8E97E006D5C04 /* Assets.xcassets in Resources */,
				10CB1D012BF8E97E006D5C04 /* Base in Resources */,
			);
			runOnlyForDeploymentPostprocessing = 0;
		};
/* End PBXResourcesBuildPhase section */

/* Begin PBXSourcesBuildPhase section */
		10CB1CED2BF8E97D006D5C04 /* Sources */ = {
			isa = PBXSourcesBuildPhase;
			buildActionMask = 2147483647;
			files = (
				1001C30A2BFAB64B00F61C24 /* HomePageImageViewController.swift in Sources */,
				10ECFC772BFD4B210074892D /* GameEntity.xcdatamodeld in Sources */,
				104BB1D52BF94DF70049E7F5 /* NetworkError.swift in Sources */,
				10F7884A2BF91947003F5B67 /* HomeGameCell.swift in Sources */,
				104BB1C42BF923310049E7F5 /* UIViewFactory.swift in Sources */,
				104BB1C22BF923310049E7F5 /* UILabelFactory.swift in Sources */,
				10ECFC7B2BFD50430074892D /* FavoriteViewModel.swift in Sources */,
				104BB1C62BF926C40049E7F5 /* HomeViewModel.swift in Sources */,
				104BB1D32BF94DC90049E7F5 /* NetworkServiceProtocol.swift in Sources */,
				104BB1C32BF923310049E7F5 /* UIStackViewFactory.swift in Sources */,
				1001C3042BFA628300F61C24 /* AlertPresentable.swift in Sources */,
				10ECFC7D2BFD52B20074892D /* FavoriteGameCell.swift in Sources */,
				10ECFC702BFCCFC70074892D /* DetailViewModel.swift in Sources */,
				104BB1DC2BF951780049E7F5 /* Collection+Extension.swift in Sources */,
				104BB1D12BF94C400049E7F5 /* Constants.swift in Sources */,
				104BB1CB2BF9397B0049E7F5 /* GameModel.swift in Sources */,
				10CB1CF92BF8E97D006D5C04 /* HomeViewController.swift in Sources */,
				10F788482BF91588003F5B67 /* Theme.swift in Sources */,
				104BB1CF2BF94BFE0049E7F5 /* GameAPI.swift in Sources */,
				10BCBBA52BFBFD0F0021E4A8 /* DetailViewController.swift in Sources */,
				10ECFC792BFD4B730074892D /* CoreDataManager.swift in Sources */,
				1001C2FE2BFA41B500F61C24 /* TabBarViewController.swift in Sources */,
				10ECFC742BFD096E0074892D /* UIButtonFactory.swift in Sources */,
				1001C3012BFA436300F61C24 /* FavoriteViewController.swift in Sources */,
				10ECFC6E2BFCCEC00074892D /* DetailGameCell.swift in Sources */,
				10CB1CF52BF8E97D006D5C04 /* AppDelegate.swift in Sources */,
				10CB1CF72BF8E97D006D5C04 /* SceneDelegate.swift in Sources */,
				1001C3082BFAB60F00F61C24 /* HomePageViewController.swift in Sources */,
				104BB1C12BF923310049E7F5 /* UIImageViewFactory.swift in Sources */,
				10ECFC7F2BFD57330074892D /* GameDetailModel.swift in Sources */,
				104BB1CD2BF94B500049E7F5 /* NetworkService.swift in Sources */,
				104BB1C82BF933970049E7F5 /* UICollectionViewFactory.swift in Sources */,
				10ECFC722BFCF0220074892D /* DetailCollectionHeaderView.swift in Sources */,
			);
			runOnlyForDeploymentPostprocessing = 0;
		};
/* End PBXSourcesBuildPhase section */

/* Begin PBXVariantGroup section */
		10CB1CFF2BF8E97E006D5C04 /* LaunchScreen.storyboard */ = {
			isa = PBXVariantGroup;
			children = (
				10CB1D002BF8E97E006D5C04 /* Base */,
			);
			name = LaunchScreen.storyboard;
			sourceTree = "<group>";
		};
/* End PBXVariantGroup section */

/* Begin XCBuildConfiguration section */
		10CB1D032BF8E97E006D5C04 /* Debug */ = {
			isa = XCBuildConfiguration;
			buildSettings = {
				ALWAYS_SEARCH_USER_PATHS = NO;
				ASSETCATALOG_COMPILER_GENERATE_SWIFT_ASSET_SYMBOL_EXTENSIONS = YES;
				CLANG_ANALYZER_NONNULL = YES;
				CLANG_ANALYZER_NUMBER_OBJECT_CONVERSION = YES_AGGRESSIVE;
				CLANG_CXX_LANGUAGE_STANDARD = "gnu++20";
				CLANG_ENABLE_MODULES = YES;
				CLANG_ENABLE_OBJC_ARC = YES;
				CLANG_ENABLE_OBJC_WEAK = YES;
				CLANG_WARN_BLOCK_CAPTURE_AUTORELEASING = YES;
				CLANG_WARN_BOOL_CONVERSION = YES;
				CLANG_WARN_COMMA = YES;
				CLANG_WARN_CONSTANT_CONVERSION = YES;
				CLANG_WARN_DEPRECATED_OBJC_IMPLEMENTATIONS = YES;
				CLANG_WARN_DIRECT_OBJC_ISA_USAGE = YES_ERROR;
				CLANG_WARN_DOCUMENTATION_COMMENTS = YES;
				CLANG_WARN_EMPTY_BODY = YES;
				CLANG_WARN_ENUM_CONVERSION = YES;
				CLANG_WARN_INFINITE_RECURSION = YES;
				CLANG_WARN_INT_CONVERSION = YES;
				CLANG_WARN_NON_LITERAL_NULL_CONVERSION = YES;
				CLANG_WARN_OBJC_IMPLICIT_RETAIN_SELF = YES;
				CLANG_WARN_OBJC_LITERAL_CONVERSION = YES;
				CLANG_WARN_OBJC_ROOT_CLASS = YES_ERROR;
				CLANG_WARN_QUOTED_INCLUDE_IN_FRAMEWORK_HEADER = YES;
				CLANG_WARN_RANGE_LOOP_ANALYSIS = YES;
				CLANG_WARN_STRICT_PROTOTYPES = YES;
				CLANG_WARN_SUSPICIOUS_MOVE = YES;
				CLANG_WARN_UNGUARDED_AVAILABILITY = YES_AGGRESSIVE;
				CLANG_WARN_UNREACHABLE_CODE = YES;
				CLANG_WARN__DUPLICATE_METHOD_MATCH = YES;
				COPY_PHASE_STRIP = NO;
				DEBUG_INFORMATION_FORMAT = dwarf;
				ENABLE_STRICT_OBJC_MSGSEND = YES;
				ENABLE_TESTABILITY = YES;
				ENABLE_USER_SCRIPT_SANDBOXING = NO;
				GCC_C_LANGUAGE_STANDARD = gnu17;
				GCC_DYNAMIC_NO_PIC = NO;
				GCC_NO_COMMON_BLOCKS = YES;
				GCC_OPTIMIZATION_LEVEL = 0;
				GCC_PREPROCESSOR_DEFINITIONS = (
					"DEBUG=1",
					"$(inherited)",
				);
				GCC_WARN_64_TO_32_BIT_CONVERSION = YES;
				GCC_WARN_ABOUT_RETURN_TYPE = YES_ERROR;
				GCC_WARN_UNDECLARED_SELECTOR = YES;
				GCC_WARN_UNINITIALIZED_AUTOS = YES_AGGRESSIVE;
				GCC_WARN_UNUSED_FUNCTION = YES;
				GCC_WARN_UNUSED_VARIABLE = YES;
				IPHONEOS_DEPLOYMENT_TARGET = 17.4;
				LOCALIZATION_PREFERS_STRING_CATALOGS = YES;
				MTL_ENABLE_DEBUG_INFO = INCLUDE_SOURCE;
				MTL_FAST_MATH = YES;
				ONLY_ACTIVE_ARCH = YES;
				SDKROOT = iphoneos;
				SWIFT_ACTIVE_COMPILATION_CONDITIONS = "DEBUG $(inherited)";
				SWIFT_OPTIMIZATION_LEVEL = "-Onone";
			};
			name = Debug;
		};
		10CB1D042BF8E97E006D5C04 /* Release */ = {
			isa = XCBuildConfiguration;
			buildSettings = {
				ALWAYS_SEARCH_USER_PATHS = NO;
				ASSETCATALOG_COMPILER_GENERATE_SWIFT_ASSET_SYMBOL_EXTENSIONS = YES;
				CLANG_ANALYZER_NONNULL = YES;
				CLANG_ANALYZER_NUMBER_OBJECT_CONVERSION = YES_AGGRESSIVE;
				CLANG_CXX_LANGUAGE_STANDARD = "gnu++20";
				CLANG_ENABLE_MODULES = YES;
				CLANG_ENABLE_OBJC_ARC = YES;
				CLANG_ENABLE_OBJC_WEAK = YES;
				CLANG_WARN_BLOCK_CAPTURE_AUTORELEASING = YES;
				CLANG_WARN_BOOL_CONVERSION = YES;
				CLANG_WARN_COMMA = YES;
				CLANG_WARN_CONSTANT_CONVERSION = YES;
				CLANG_WARN_DEPRECATED_OBJC_IMPLEMENTATIONS = YES;
				CLANG_WARN_DIRECT_OBJC_ISA_USAGE = YES_ERROR;
				CLANG_WARN_DOCUMENTATION_COMMENTS = YES;
				CLANG_WARN_EMPTY_BODY = YES;
				CLANG_WARN_ENUM_CONVERSION = YES;
				CLANG_WARN_INFINITE_RECURSION = YES;
				CLANG_WARN_INT_CONVERSION = YES;
				CLANG_WARN_NON_LITERAL_NULL_CONVERSION = YES;
				CLANG_WARN_OBJC_IMPLICIT_RETAIN_SELF = YES;
				CLANG_WARN_OBJC_LITERAL_CONVERSION = YES;
				CLANG_WARN_OBJC_ROOT_CLASS = YES_ERROR;
				CLANG_WARN_QUOTED_INCLUDE_IN_FRAMEWORK_HEADER = YES;
				CLANG_WARN_RANGE_LOOP_ANALYSIS = YES;
				CLANG_WARN_STRICT_PROTOTYPES = YES;
				CLANG_WARN_SUSPICIOUS_MOVE = YES;
				CLANG_WARN_UNGUARDED_AVAILABILITY = YES_AGGRESSIVE;
				CLANG_WARN_UNREACHABLE_CODE = YES;
				CLANG_WARN__DUPLICATE_METHOD_MATCH = YES;
				COPY_PHASE_STRIP = NO;
				DEBUG_INFORMATION_FORMAT = "dwarf-with-dsym";
				ENABLE_NS_ASSERTIONS = NO;
				ENABLE_STRICT_OBJC_MSGSEND = YES;
				ENABLE_USER_SCRIPT_SANDBOXING = NO;
				GCC_C_LANGUAGE_STANDARD = gnu17;
				GCC_NO_COMMON_BLOCKS = YES;
				GCC_WARN_64_TO_32_BIT_CONVERSION = YES;
				GCC_WARN_ABOUT_RETURN_TYPE = YES_ERROR;
				GCC_WARN_UNDECLARED_SELECTOR = YES;
				GCC_WARN_UNINITIALIZED_AUTOS = YES_AGGRESSIVE;
				GCC_WARN_UNUSED_FUNCTION = YES;
				GCC_WARN_UNUSED_VARIABLE = YES;
				IPHONEOS_DEPLOYMENT_TARGET = 17.4;
				LOCALIZATION_PREFERS_STRING_CATALOGS = YES;
				MTL_ENABLE_DEBUG_INFO = NO;
				MTL_FAST_MATH = YES;
				SDKROOT = iphoneos;
				SWIFT_COMPILATION_MODE = wholemodule;
				VALIDATE_PRODUCT = YES;
			};
			name = Release;
		};
		10CB1D062BF8E97E006D5C04 /* Debug */ = {
			isa = XCBuildConfiguration;
			buildSettings = {
				ASSETCATALOG_COMPILER_APPICON_NAME = AppIcon;
				ASSETCATALOG_COMPILER_GLOBAL_ACCENT_COLOR_NAME = AccentColor;
				CODE_SIGN_STYLE = Automatic;
				CURRENT_PROJECT_VERSION = 1;
				DEVELOPMENT_TEAM = 64Q2K37LS4;
				GENERATE_INFOPLIST_FILE = YES;
				INFOPLIST_FILE = GameStop/Info.plist;
				INFOPLIST_KEY_UIApplicationSupportsIndirectInputEvents = YES;
				INFOPLIST_KEY_UILaunchStoryboardName = LaunchScreen;
				INFOPLIST_KEY_UISupportedInterfaceOrientations_iPad = "UIInterfaceOrientationPortrait UIInterfaceOrientationPortraitUpsideDown UIInterfaceOrientationLandscapeLeft UIInterfaceOrientationLandscapeRight";
				INFOPLIST_KEY_UISupportedInterfaceOrientations_iPhone = "UIInterfaceOrientationPortrait UIInterfaceOrientationLandscapeLeft UIInterfaceOrientationLandscapeRight";
				LD_RUNPATH_SEARCH_PATHS = (
					"$(inherited)",
					"@executable_path/Frameworks",
				);
				MARKETING_VERSION = 1.0;
				PRODUCT_BUNDLE_IDENTIFIER = me.gul.guray.GameStop;
				PRODUCT_NAME = "$(TARGET_NAME)";
				SWIFT_EMIT_LOC_STRINGS = YES;
				SWIFT_VERSION = 5.0;
				TARGETED_DEVICE_FAMILY = "1,2";
			};
			name = Debug;
		};
		10CB1D072BF8E97E006D5C04 /* Release */ = {
			isa = XCBuildConfiguration;
			buildSettings = {
				ASSETCATALOG_COMPILER_APPICON_NAME = AppIcon;
				ASSETCATALOG_COMPILER_GLOBAL_ACCENT_COLOR_NAME = AccentColor;
				CODE_SIGN_STYLE = Automatic;
				CURRENT_PROJECT_VERSION = 1;
				DEVELOPMENT_TEAM = 64Q2K37LS4;
				GENERATE_INFOPLIST_FILE = YES;
				INFOPLIST_FILE = GameStop/Info.plist;
				INFOPLIST_KEY_UIApplicationSupportsIndirectInputEvents = YES;
				INFOPLIST_KEY_UILaunchStoryboardName = LaunchScreen;
				INFOPLIST_KEY_UISupportedInterfaceOrientations_iPad = "UIInterfaceOrientationPortrait UIInterfaceOrientationPortraitUpsideDown UIInterfaceOrientationLandscapeLeft UIInterfaceOrientationLandscapeRight";
				INFOPLIST_KEY_UISupportedInterfaceOrientations_iPhone = "UIInterfaceOrientationPortrait UIInterfaceOrientationLandscapeLeft UIInterfaceOrientationLandscapeRight";
				LD_RUNPATH_SEARCH_PATHS = (
					"$(inherited)",
					"@executable_path/Frameworks",
				);
				MARKETING_VERSION = 1.0;
				PRODUCT_BUNDLE_IDENTIFIER = me.gul.guray.GameStop;
				PRODUCT_NAME = "$(TARGET_NAME)";
				SWIFT_EMIT_LOC_STRINGS = YES;
				SWIFT_VERSION = 5.0;
				TARGETED_DEVICE_FAMILY = "1,2";
			};
			name = Release;
		};
/* End XCBuildConfiguration section */

/* Begin XCConfigurationList section */
		10CB1CEC2BF8E97D006D5C04 /* Build configuration list for PBXProject "GameStop" */ = {
			isa = XCConfigurationList;
			buildConfigurations = (
				10CB1D032BF8E97E006D5C04 /* Debug */,
				10CB1D042BF8E97E006D5C04 /* Release */,
			);
			defaultConfigurationIsVisible = 0;
			defaultConfigurationName = Release;
		};
		10CB1D052BF8E97E006D5C04 /* Build configuration list for PBXNativeTarget "GameStop" */ = {
			isa = XCConfigurationList;
			buildConfigurations = (
				10CB1D062BF8E97E006D5C04 /* Debug */,
				10CB1D072BF8E97E006D5C04 /* Release */,
			);
			defaultConfigurationIsVisible = 0;
			defaultConfigurationName = Release;
		};
/* End XCConfigurationList section */

/* Begin XCRemoteSwiftPackageReference section */
		104BB1DD2BF954C50049E7F5 /* XCRemoteSwiftPackageReference "Kingfisher" */ = {
			isa = XCRemoteSwiftPackageReference;
			repositoryURL = "https://github.com/onevcat/Kingfisher.git";
			requirement = {
				kind = upToNextMajorVersion;
				minimumVersion = 7.11.0;
			};
		};
/* End XCRemoteSwiftPackageReference section */

/* Begin XCSwiftPackageProductDependency section */
		104BB1DE2BF954C50049E7F5 /* Kingfisher */ = {
			isa = XCSwiftPackageProductDependency;
			package = 104BB1DD2BF954C50049E7F5 /* XCRemoteSwiftPackageReference "Kingfisher" */;
			productName = Kingfisher;
		};
/* End XCSwiftPackageProductDependency section */

/* Begin XCVersionGroup section */
		10ECFC752BFD4B210074892D /* GameEntity.xcdatamodeld */ = {
			isa = XCVersionGroup;
			children = (
				10ECFC762BFD4B210074892D /* GameEntity.xcdatamodel */,
			);
			currentVersion = 10ECFC762BFD4B210074892D /* GameEntity.xcdatamodel */;
			name = GameEntity.xcdatamodeld;
			path = /Users/guraygul/Desktop/GameStop/GameStop/Models/GameEntity.xcdatamodeld;
			sourceTree = "<group>";
			versionGroupType = wrapper.xcdatamodel;
		};
/* End XCVersionGroup section */
	};
	rootObject = 10CB1CE92BF8E97D006D5C04 /* Project object */;
}
